
Microsoft Visual Studio Solution File, Format Version 12.00
# Visual Studio Version 16
VisualStudioVersion = 16.0.31112.23
MinimumVisualStudioVersion = 10.0.40219.1
Project("{FAE04EC0-301F-11D3-BF4B-00C04F79EFBC}") = "Asamblor", "Asamblor.csproj", "{3CD36432-16D3-4D35-BA00-8E69A0B094DB}"
EndProject
Global
	GlobalSection(SolutionConfigurationPlatforms) = preSolution
		Debug|Any CPU = Debug|Any CPU
		Release|Any CPU = Release|Any CPU
	EndGlobalSection
	GlobalSection(ProjectConfigurationPlatforms) = postSolution
		{3CD36432-16D3-4D35-BA00-8E69A0B094DB}.Debug|Any CPU.ActiveCfg = Debug|Any CPU
		{3CD36432-16D3-4D35-BA00-8E69A0B094DB}.Debug|Any CPU.Build.0 = Debug|Any CPU
		{3CD36432-16D3-4D35-BA00-8E69A0B094DB}.Release|Any CPU.ActiveCfg = Release|Any CPU
		{3CD36432-16D3-4D35-BA00-8E69A0B094DB}.Release|Any CPU.Build.0 = Release|Any CPU
	EndGlobalSection
	GlobalSection(SolutionProperties) = preSolution
		HideSolutionNode = FALSE
	EndGlobalSection
	GlobalSection(ExtensibilityGlobals) = postSolution
		SolutionGuid = {41517A39-CD99-4142-91B2-ADA5AC7E8395}
	EndGlobalSection
EndGlobal
